
Microsoft Visual Studio Solution File, Format Version 12.00
# Visual Studio Version 16
VisualStudioVersion = 16.0.30517.126
MinimumVisualStudioVersion = 10.0.40219.1
Project("{FAE04EC0-301F-11D3-BF4B-00C04F79EFBC}") = "EtsyApi", "EtsyApi\EtsyApi.csproj", "{CED35826-5078-4BFE-AE99-203187D7D6AB}"
EndProject
Project("{FAE04EC0-301F-11D3-BF4B-00C04F79EFBC}") = "EtsyApi.Tests", "EtsyApi.Tests\EtsyApi.Tests.csproj", "{FC37EF79-A04E-4A2D-8FDE-A052ED9EF143}"
EndProject
Global
	GlobalSection(SolutionConfigurationPlatforms) = preSolution
		Debug|Any CPU = Debug|Any CPU
		Release|Any CPU = Release|Any CPU
	EndGlobalSection
	GlobalSection(ProjectConfigurationPlatforms) = postSolution
		{CED35826-5078-4BFE-AE99-203187D7D6AB}.Debug|Any CPU.ActiveCfg = Debug|Any CPU
		{CED35826-5078-4BFE-AE99-203187D7D6AB}.Debug|Any CPU.Build.0 = Debug|Any CPU
		{CED35826-5078-4BFE-AE99-203187D7D6AB}.Release|Any CPU.ActiveCfg = Release|Any CPU
		{CED35826-5078-4BFE-AE99-203187D7D6AB}.Release|Any CPU.Build.0 = Release|Any CPU
		{FC37EF79-A04E-4A2D-8FDE-A052ED9EF143}.Debug|Any CPU.ActiveCfg = Debug|Any CPU
		{FC37EF79-A04E-4A2D-8FDE-A052ED9EF143}.Debug|Any CPU.Build.0 = Debug|Any CPU
		{FC37EF79-A04E-4A2D-8FDE-A052ED9EF143}.Release|Any CPU.ActiveCfg = Release|Any CPU
		{FC37EF79-A04E-4A2D-8FDE-A052ED9EF143}.Release|Any CPU.Build.0 = Release|Any CPU
	EndGlobalSection
	GlobalSection(SolutionProperties) = preSolution
		HideSolutionNode = FALSE
	EndGlobalSection
	GlobalSection(ExtensibilityGlobals) = postSolution
		SolutionGuid = {A0447D37-0331-408E-8CA7-AB42601EF377}
	EndGlobalSection
EndGlobal
